// !$*UTF8*$!
{
	archiveVersion = 1;
	classes = {
	};
	objectVersion = 50;
	objects = {

/* Begin PBXBuildFile section */
		0904A16D263465FB00E721C3 /* AudioConver.cpp in Sources */ = {isa = PBXBuildFile; fileRef = 0904A16C263465FB00E721C3 /* AudioConver.cpp */; };
		0904A1732634662000E721C3 /* ZYAudioConverMgr.mm in Sources */ = {isa = PBXBuildFile; fileRef = 0904A1722634662000E721C3 /* ZYAudioConverMgr.mm */; };
		090BEE67261C2119009D59C8 /* AppDelegate.m in Sources */ = {isa = PBXBuildFile; fileRef = 090BEE66261C2119009D59C8 /* AppDelegate.m */; };
		090BEE6A261C2119009D59C8 /* ViewController.mm in Sources */ = {isa = PBXBuildFile; fileRef = 090BEE69261C2119009D59C8 /* ViewController.mm */; };
		090BEE6C261C211B009D59C8 /* Assets.xcassets in Resources */ = {isa = PBXBuildFile; fileRef = 090BEE6B261C211B009D59C8 /* Assets.xcassets */; };
		090BEE6F261C211B009D59C8 /* Main.storyboard in Resources */ = {isa = PBXBuildFile; fileRef = 090BEE6D261C211B009D59C8 /* Main.storyboard */; };
		090BEE72261C211B009D59C8 /* main.mm in Sources */ = {isa = PBXBuildFile; fileRef = 090BEE71261C211B009D59C8 /* main.mm */; };
		090BEE7D261C211B009D59C8 /* _3_RecordAudioTests.m in Sources */ = {isa = PBXBuildFile; fileRef = 090BEE7C261C211B009D59C8 /* _3_RecordAudioTests.m */; };
		090BEE88261C211B009D59C8 /* _3_RecordAudioUITests.m in Sources */ = {isa = PBXBuildFile; fileRef = 090BEE87261C211B009D59C8 /* _3_RecordAudioUITests.m */; };
		09C5846F2690D0E30097547F /* libavcodec.58.134.100.dylib in Frameworks */ = {isa = PBXBuildFile; fileRef = 09C584672690D0E30097547F /* libavcodec.58.134.100.dylib */; };
		09C584702690D0E30097547F /* libavcodec.58.134.100.dylib in Embed Libraries */ = {isa = PBXBuildFile; fileRef = 09C584672690D0E30097547F /* libavcodec.58.134.100.dylib */; settings = {ATTRIBUTES = (CodeSignOnCopy, ); }; };
		09C584712690D0E30097547F /* libavdevice.58.13.100.dylib in Frameworks */ = {isa = PBXBuildFile; fileRef = 09C584682690D0E30097547F /* libavdevice.58.13.100.dylib */; };
		09C584722690D0E30097547F /* libavdevice.58.13.100.dylib in Embed Libraries */ = {isa = PBXBuildFile; fileRef = 09C584682690D0E30097547F /* libavdevice.58.13.100.dylib */; settings = {ATTRIBUTES = (CodeSignOnCopy, ); }; };
		09C584732690D0E30097547F /* libavformat.58.76.100.dylib in Frameworks */ = {isa = PBXBuildFile; fileRef = 09C584692690D0E30097547F /* libavformat.58.76.100.dylib */; };
		09C584742690D0E30097547F /* libavformat.58.76.100.dylib in Embed Libraries */ = {isa = PBXBuildFile; fileRef = 09C584692690D0E30097547F /* libavformat.58.76.100.dylib */; settings = {ATTRIBUTES = (CodeSignOnCopy, ); }; };
		09C584752690D0E30097547F /* libswresample.3.9.100.dylib in Frameworks */ = {isa = PBXBuildFile; fileRef = 09C5846A2690D0E30097547F /* libswresample.3.9.100.dylib */; };
		09C584762690D0E30097547F /* libswresample.3.9.100.dylib in Embed Libraries */ = {isa = PBXBuildFile; fileRef = 09C5846A2690D0E30097547F /* libswresample.3.9.100.dylib */; settings = {ATTRIBUTES = (CodeSignOnCopy, ); }; };
		09C584772690D0E30097547F /* libpostproc.55.9.100.dylib in Frameworks */ = {isa = PBXBuildFile; fileRef = 09C5846B2690D0E30097547F /* libpostproc.55.9.100.dylib */; };
		09C584782690D0E30097547F /* libpostproc.55.9.100.dylib in Embed Libraries */ = {isa = PBXBuildFile; fileRef = 09C5846B2690D0E30097547F /* libpostproc.55.9.100.dylib */; settings = {ATTRIBUTES = (CodeSignOnCopy, ); }; };
		09C584792690D0E30097547F /* libavutil.56.70.100.dylib in Frameworks */ = {isa = PBXBuildFile; fileRef = 09C5846C2690D0E30097547F /* libavutil.56.70.100.dylib */; };
		09C5847A2690D0E30097547F /* libavutil.56.70.100.dylib in Embed Libraries */ = {isa = PBXBuildFile; fileRef = 09C5846C2690D0E30097547F /* libavutil.56.70.100.dylib */; settings = {ATTRIBUTES = (CodeSignOnCopy, ); }; };
		09C5847B2690D0E30097547F /* libavfilter.7.110.100.dylib in Frameworks */ = {isa = PBXBuildFile; fileRef = 09C5846D2690D0E30097547F /* libavfilter.7.110.100.dylib */; };
		09C5847C2690D0E30097547F /* libavfilter.7.110.100.dylib in Embed Libraries */ = {isa = PBXBuildFile; fileRef = 09C5846D2690D0E30097547F /* libavfilter.7.110.100.dylib */; settings = {ATTRIBUTES = (CodeSignOnCopy, ); }; };
		09C5847D2690D0E30097547F /* libswscale.5.9.100.dylib in Frameworks */ = {isa = PBXBuildFile; fileRef = 09C5846E2690D0E30097547F /* libswscale.5.9.100.dylib */; };
		09C5847E2690D0E30097547F /* libswscale.5.9.100.dylib in Embed Libraries */ = {isa = PBXBuildFile; fileRef = 09C5846E2690D0E30097547F /* libswscale.5.9.100.dylib */; settings = {ATTRIBUTES = (CodeSignOnCopy, ); }; };
		09C584962691FD130097547F /* ZYPlayWavMgr.mm in Sources */ = {isa = PBXBuildFile; fileRef = 09C584942691FD130097547F /* ZYPlayWavMgr.mm */; };
		09C63A912631D00500841DC5 /* ZYRecordAudioMgr.mm in Sources */ = {isa = PBXBuildFile; fileRef = 09C63A8D2631D00500841DC5 /* ZYRecordAudioMgr.mm */; };
		09C63A922631D00500841DC5 /* ZYPlayAudioMgr.mm in Sources */ = {isa = PBXBuildFile; fileRef = 09C63A8E2631D00500841DC5 /* ZYPlayAudioMgr.mm */; };
		09C63A982631D05700841DC5 /* RecordAudio.cpp in Sources */ = {isa = PBXBuildFile; fileRef = 09C63A962631D05700841DC5 /* RecordAudio.cpp */; };
		09E608172690C39B000F1922 /* libSDL2-2.0.0.dylib in Frameworks */ = {isa = PBXBuildFile; fileRef = 09E608162690C39B000F1922 /* libSDL2-2.0.0.dylib */; };
		09E608182690C39B000F1922 /* libSDL2-2.0.0.dylib in Embed Libraries */ = {isa = PBXBuildFile; fileRef = 09E608162690C39B000F1922 /* libSDL2-2.0.0.dylib */; settings = {ATTRIBUTES = (CodeSignOnCopy, ); }; };
/* End PBXBuildFile section */

/* Begin PBXContainerItemProxy section */
		090BEE79261C211B009D59C8 /* PBXContainerItemProxy */ = {
			isa = PBXContainerItemProxy;
			containerPortal = 090BEE5A261C2119009D59C8 /* Project object */;
			proxyType = 1;
			remoteGlobalIDString = 090BEE61261C2119009D59C8;
			remoteInfo = "03-RecordAudio";
		};
		090BEE84261C211B009D59C8 /* PBXContainerItemProxy */ = {
			isa = PBXContainerItemProxy;
			containerPortal = 090BEE5A261C2119009D59C8 /* Project object */;
			proxyType = 1;
			remoteGlobalIDString = 090BEE61261C2119009D59C8;
			remoteInfo = "03-RecordAudio";
		};
/* End PBXContainerItemProxy section */

/* Begin PBXCopyFilesBuildPhase section */
		09EDE2FB268B74830047D9AA /* Embed Libraries */ = {
			isa = PBXCopyFilesBuildPhase;
			buildActionMask = 2147483647;
			dstPath = "";
			dstSubfolderSpec = 10;
			files = (
				09C5847A2690D0E30097547F /* libavutil.56.70.100.dylib in Embed Libraries */,
				09C584722690D0E30097547F /* libavdevice.58.13.100.dylib in Embed Libraries */,
				09C584742690D0E30097547F /* libavformat.58.76.100.dylib in Embed Libraries */,
				09E608182690C39B000F1922 /* libSDL2-2.0.0.dylib in Embed Libraries */,
				09C5847E2690D0E30097547F /* libswscale.5.9.100.dylib in Embed Libraries */,
				09C584762690D0E30097547F /* libswresample.3.9.100.dylib in Embed Libraries */,
				09C5847C2690D0E30097547F /* libavfilter.7.110.100.dylib in Embed Libraries */,
				09C584702690D0E30097547F /* libavcodec.58.134.100.dylib in Embed Libraries */,
				09C584782690D0E30097547F /* libpostproc.55.9.100.dylib in Embed Libraries */,
			);
			name = "Embed Libraries";
			runOnlyForDeploymentPostprocessing = 0;
		};
/* End PBXCopyFilesBuildPhase section */

/* Begin PBXFileReference section */
		0904A16B263465FB00E721C3 /* AudioConver.hpp */ = {isa = PBXFileReference; fileEncoding = 4; lastKnownFileType = sourcecode.cpp.h; name = AudioConver.hpp; path = "03-RecordAudio/AudioConver.hpp"; sourceTree = SOURCE_ROOT; };
		0904A16C263465FB00E721C3 /* AudioConver.cpp */ = {isa = PBXFileReference; fileEncoding = 4; lastKnownFileType = sourcecode.cpp.cpp; name = AudioConver.cpp; path = "03-RecordAudio/AudioConver.cpp"; sourceTree = SOURCE_ROOT; };
		0904A1712634662000E721C3 /* ZYAudioConverMgr.h */ = {isa = PBXFileReference; lastKnownFileType = sourcecode.c.h; path = ZYAudioConverMgr.h; sourceTree = "<group>"; };
		0904A1722634662000E721C3 /* ZYAudioConverMgr.mm */ = {isa = PBXFileReference; lastKnownFileType = sourcecode.cpp.objcpp; path = ZYAudioConverMgr.mm; sourceTree = "<group>"; };
		090BEE62261C2119009D59C8 /* 03-RecordAudio.app */ = {isa = PBXFileReference; explicitFileType = wrapper.application; includeInIndex = 0; path = "03-RecordAudio.app"; sourceTree = BUILT_PRODUCTS_DIR; };
		090BEE65261C2119009D59C8 /* AppDelegate.h */ = {isa = PBXFileReference; lastKnownFileType = sourcecode.c.h; path = AppDelegate.h; sourceTree = "<group>"; };
		090BEE66261C2119009D59C8 /* AppDelegate.m */ = {isa = PBXFileReference; lastKnownFileType = sourcecode.c.objc; path = AppDelegate.m; sourceTree = "<group>"; };
		090BEE68261C2119009D59C8 /* ViewController.h */ = {isa = PBXFileReference; lastKnownFileType = sourcecode.c.h; path = ViewController.h; sourceTree = "<group>"; };
		090BEE69261C2119009D59C8 /* ViewController.mm */ = {isa = PBXFileReference; lastKnownFileType = sourcecode.cpp.objcpp; path = ViewController.mm; sourceTree = "<group>"; };
		090BEE6B261C211B009D59C8 /* Assets.xcassets */ = {isa = PBXFileReference; lastKnownFileType = folder.assetcatalog; path = Assets.xcassets; sourceTree = "<group>"; };
		090BEE6E261C211B009D59C8 /* Base */ = {isa = PBXFileReference; lastKnownFileType = file.storyboard; name = Base; path = Base.lproj/Main.storyboard; sourceTree = "<group>"; };
		090BEE70261C211B009D59C8 /* Info.plist */ = {isa = PBXFileReference; lastKnownFileType = text.plist.xml; path = Info.plist; sourceTree = "<group>"; };
		090BEE71261C211B009D59C8 /* main.mm */ = {isa = PBXFileReference; lastKnownFileType = sourcecode.cpp.objcpp; path = main.mm; sourceTree = "<group>"; };
		090BEE73261C211B009D59C8 /* _3_RecordAudio.entitlements */ = {isa = PBXFileReference; lastKnownFileType = text.plist.entitlements; path = _3_RecordAudio.entitlements; sourceTree = "<group>"; };
		090BEE78261C211B009D59C8 /* 03-RecordAudioTests.xctest */ = {isa = PBXFileReference; explicitFileType = wrapper.cfbundle; includeInIndex = 0; path = "03-RecordAudioTests.xctest"; sourceTree = BUILT_PRODUCTS_DIR; };
		090BEE7C261C211B009D59C8 /* _3_RecordAudioTests.m */ = {isa = PBXFileReference; lastKnownFileType = sourcecode.c.objc; path = _3_RecordAudioTests.m; sourceTree = "<group>"; };
		090BEE7E261C211B009D59C8 /* Info.plist */ = {isa = PBXFileReference; lastKnownFileType = text.plist.xml; path = Info.plist; sourceTree = "<group>"; };
		090BEE83261C211B009D59C8 /* 03-RecordAudioUITests.xctest */ = {isa = PBXFileReference; explicitFileType = wrapper.cfbundle; includeInIndex = 0; path = "03-RecordAudioUITests.xctest"; sourceTree = BUILT_PRODUCTS_DIR; };
		090BEE87261C211B009D59C8 /* _3_RecordAudioUITests.m */ = {isa = PBXFileReference; lastKnownFileType = sourcecode.c.objc; path = _3_RecordAudioUITests.m; sourceTree = "<group>"; };
		090BEE89261C211B009D59C8 /* Info.plist */ = {isa = PBXFileReference; lastKnownFileType = text.plist.xml; path = Info.plist; sourceTree = "<group>"; };
		09C584672690D0E30097547F /* libavcodec.58.134.100.dylib */ = {isa = PBXFileReference; lastKnownFileType = "compiled.mach-o.dylib"; name = libavcodec.58.134.100.dylib; path = ../../../usr/local/Cellar/ffmpeg/lib/libavcodec.58.134.100.dylib; sourceTree = "<group>"; };
		09C584682690D0E30097547F /* libavdevice.58.13.100.dylib */ = {isa = PBXFileReference; lastKnownFileType = "compiled.mach-o.dylib"; name = libavdevice.58.13.100.dylib; path = ../../../usr/local/Cellar/ffmpeg/lib/libavdevice.58.13.100.dylib; sourceTree = "<group>"; };
		09C584692690D0E30097547F /* libavformat.58.76.100.dylib */ = {isa = PBXFileReference; lastKnownFileType = "compiled.mach-o.dylib"; name = libavformat.58.76.100.dylib; path = ../../../usr/local/Cellar/ffmpeg/lib/libavformat.58.76.100.dylib; sourceTree = "<group>"; };
		09C5846A2690D0E30097547F /* libswresample.3.9.100.dylib */ = {isa = PBXFileReference; lastKnownFileType = "compiled.mach-o.dylib"; name = libswresample.3.9.100.dylib; path = ../../../usr/local/Cellar/ffmpeg/lib/libswresample.3.9.100.dylib; sourceTree = "<group>"; };
		09C5846B2690D0E30097547F /* libpostproc.55.9.100.dylib */ = {isa = PBXFileReference; lastKnownFileType = "compiled.mach-o.dylib"; name = libpostproc.55.9.100.dylib; path = ../../../usr/local/Cellar/ffmpeg/lib/libpostproc.55.9.100.dylib; sourceTree = "<group>"; };
		09C5846C2690D0E30097547F /* libavutil.56.70.100.dylib */ = {isa = PBXFileReference; lastKnownFileType = "compiled.mach-o.dylib"; name = libavutil.56.70.100.dylib; path = ../../../usr/local/Cellar/ffmpeg/lib/libavutil.56.70.100.dylib; sourceTree = "<group>"; };
		09C5846D2690D0E30097547F /* libavfilter.7.110.100.dylib */ = {isa = PBXFileReference; lastKnownFileType = "compiled.mach-o.dylib"; name = libavfilter.7.110.100.dylib; path = ../../../usr/local/Cellar/ffmpeg/lib/libavfilter.7.110.100.dylib; sourceTree = "<group>"; };
		09C5846E2690D0E30097547F /* libswscale.5.9.100.dylib */ = {isa = PBXFileReference; lastKnownFileType = "compiled.mach-o.dylib"; name = libswscale.5.9.100.dylib; path = ../../../usr/local/Cellar/ffmpeg/lib/libswscale.5.9.100.dylib; sourceTree = "<group>"; };
		09C584942691FD130097547F /* ZYPlayWavMgr.mm */ = {isa = PBXFileReference; fileEncoding = 4; lastKnownFileType = sourcecode.cpp.objcpp; path = ZYPlayWavMgr.mm; sourceTree = "<group>"; };
		09C584952691FD130097547F /* ZYPlayWavMgr.h */ = {isa = PBXFileReference; fileEncoding = 4; lastKnownFileType = sourcecode.c.h; path = ZYPlayWavMgr.h; sourceTree = "<group>"; };
		09C63A6A262F386A00841DC5 /* CoreMediaIO.framework */ = {isa = PBXFileReference; lastKnownFileType = wrapper.framework; name = CoreMediaIO.framework; path = System/Library/Frameworks/CoreMediaIO.framework; sourceTree = SDKROOT; };
		09C63A8C2631D00500841DC5 /* ZYRecordAudioMgr.h */ = {isa = PBXFileReference; fileEncoding = 4; lastKnownFileType = sourcecode.c.h; path = ZYRecordAudioMgr.h; sourceTree = "<group>"; };
		09C63A8D2631D00500841DC5 /* ZYRecordAudioMgr.mm */ = {isa = PBXFileReference; fileEncoding = 4; lastKnownFileType = sourcecode.cpp.objcpp; path = ZYRecordAudioMgr.mm; sourceTree = "<group>"; };
		09C63A8E2631D00500841DC5 /* ZYPlayAudioMgr.mm */ = {isa = PBXFileReference; fileEncoding = 4; lastKnownFileType = sourcecode.cpp.objcpp; path = ZYPlayAudioMgr.mm; sourceTree = "<group>"; };
		09C63A8F2631D00500841DC5 /* ZYPlayAudioMgr.h */ = {isa = PBXFileReference; fileEncoding = 4; lastKnownFileType = sourcecode.c.h; path = ZYPlayAudioMgr.h; sourceTree = "<group>"; };
		09C63A962631D05700841DC5 /* RecordAudio.cpp */ = {isa = PBXFileReference; lastKnownFileType = sourcecode.cpp.cpp; path = RecordAudio.cpp; sourceTree = "<group>"; };
		09C63A972631D05700841DC5 /* RecordAudio.hpp */ = {isa = PBXFileReference; lastKnownFileType = sourcecode.cpp.h; path = RecordAudio.hpp; sourceTree = "<group>"; };
		09E608162690C39B000F1922 /* libSDL2-2.0.0.dylib */ = {isa = PBXFileReference; lastKnownFileType = "compiled.mach-o.dylib"; name = "libSDL2-2.0.0.dylib"; path = "../../../opt/homebrew/Cellar/sdl2/2.0.14_1/lib/libSDL2-2.0.0.dylib"; sourceTree = "<group>"; };
/* End PBXFileReference section */

/* Begin PBXFrameworksBuildPhase section */
		090BEE5F261C2119009D59C8 /* Frameworks */ = {
			isa = PBXFrameworksBuildPhase;
			buildActionMask = 2147483647;
			files = (
				09C584792690D0E30097547F /* libavutil.56.70.100.dylib in Frameworks */,
				09C584712690D0E30097547F /* libavdevice.58.13.100.dylib in Frameworks */,
				09C584732690D0E30097547F /* libavformat.58.76.100.dylib in Frameworks */,
				09E608172690C39B000F1922 /* libSDL2-2.0.0.dylib in Frameworks */,
				09C5847D2690D0E30097547F /* libswscale.5.9.100.dylib in Frameworks */,
				09C584752690D0E30097547F /* libswresample.3.9.100.dylib in Frameworks */,
				09C5847B2690D0E30097547F /* libavfilter.7.110.100.dylib in Frameworks */,
				09C5846F2690D0E30097547F /* libavcodec.58.134.100.dylib in Frameworks */,
				09C584772690D0E30097547F /* libpostproc.55.9.100.dylib in Frameworks */,
			);
			runOnlyForDeploymentPostprocessing = 0;
		};
		090BEE75261C211B009D59C8 /* Frameworks */ = {
			isa = PBXFrameworksBuildPhase;
			buildActionMask = 2147483647;
			files = (
			);
			runOnlyForDeploymentPostprocessing = 0;
		};
		090BEE80261C211B009D59C8 /* Frameworks */ = {
			isa = PBXFrameworksBuildPhase;
			buildActionMask = 2147483647;
			files = (
			);
			runOnlyForDeploymentPostprocessing = 0;
		};
/* End PBXFrameworksBuildPhase section */

/* Begin PBXGroup section */
		090BEE59261C2119009D59C8 = {
			isa = PBXGroup;
			children = (
				090BEE64261C2119009D59C8 /* 03-RecordAudio */,
				090BEE7B261C211B009D59C8 /* 03-RecordAudioTests */,
				090BEE86261C211B009D59C8 /* 03-RecordAudioUITests */,
				090BEE63261C2119009D59C8 /* Products */,
				090BEE98261C21A9009D59C8 /* Frameworks */,
			);
			sourceTree = "<group>";
		};
		090BEE63261C2119009D59C8 /* Products */ = {
			isa = PBXGroup;
			children = (
				090BEE62261C2119009D59C8 /* 03-RecordAudio.app */,
				090BEE78261C211B009D59C8 /* 03-RecordAudioTests.xctest */,
				090BEE83261C211B009D59C8 /* 03-RecordAudioUITests.xctest */,
			);
			name = Products;
			sourceTree = "<group>";
		};
		090BEE64261C2119009D59C8 /* 03-RecordAudio */ = {
			isa = PBXGroup;
			children = (
				09C63A902631D00500841DC5 /* CPlusPlus */,
				09C63A8B2631D00500841DC5 /* OC */,
				090BEE65261C2119009D59C8 /* AppDelegate.h */,
				090BEE66261C2119009D59C8 /* AppDelegate.m */,
				090BEE68261C2119009D59C8 /* ViewController.h */,
				090BEE69261C2119009D59C8 /* ViewController.mm */,
				090BEE6B261C211B009D59C8 /* Assets.xcassets */,
				090BEE6D261C211B009D59C8 /* Main.storyboard */,
				090BEE70261C211B009D59C8 /* Info.plist */,
				090BEE71261C211B009D59C8 /* main.mm */,
				090BEE73261C211B009D59C8 /* _3_RecordAudio.entitlements */,
			);
			path = "03-RecordAudio";
			sourceTree = "<group>";
		};
		090BEE7B261C211B009D59C8 /* 03-RecordAudioTests */ = {
			isa = PBXGroup;
			children = (
				090BEE7C261C211B009D59C8 /* _3_RecordAudioTests.m */,
				090BEE7E261C211B009D59C8 /* Info.plist */,
			);
			path = "03-RecordAudioTests";
			sourceTree = "<group>";
		};
		090BEE86261C211B009D59C8 /* 03-RecordAudioUITests */ = {
			isa = PBXGroup;
			children = (
				090BEE87261C211B009D59C8 /* _3_RecordAudioUITests.m */,
				090BEE89261C211B009D59C8 /* Info.plist */,
			);
			path = "03-RecordAudioUITests";
			sourceTree = "<group>";
		};
		090BEE98261C21A9009D59C8 /* Frameworks */ = {
			isa = PBXGroup;
			children = (
				09C584672690D0E30097547F /* libavcodec.58.134.100.dylib */,
				09C584682690D0E30097547F /* libavdevice.58.13.100.dylib */,
				09C5846D2690D0E30097547F /* libavfilter.7.110.100.dylib */,
				09C584692690D0E30097547F /* libavformat.58.76.100.dylib */,
				09C5846C2690D0E30097547F /* libavutil.56.70.100.dylib */,
				09C5846B2690D0E30097547F /* libpostproc.55.9.100.dylib */,
				09C5846A2690D0E30097547F /* libswresample.3.9.100.dylib */,
				09C5846E2690D0E30097547F /* libswscale.5.9.100.dylib */,
				09E608162690C39B000F1922 /* libSDL2-2.0.0.dylib */,
				09C63A6A262F386A00841DC5 /* CoreMediaIO.framework */,
			);
			name = Frameworks;
			sourceTree = "<group>";
		};
		09C63A8B2631D00500841DC5 /* OC */ = {
			isa = PBXGroup;
			children = (
				09C584952691FD130097547F /* ZYPlayWavMgr.h */,
				09C584942691FD130097547F /* ZYPlayWavMgr.mm */,
				0904A1712634662000E721C3 /* ZYAudioConverMgr.h */,
				0904A1722634662000E721C3 /* ZYAudioConverMgr.mm */,
				09C63A8F2631D00500841DC5 /* ZYPlayAudioMgr.h */,
				09C63A8E2631D00500841DC5 /* ZYPlayAudioMgr.mm */,
				09C63A8C2631D00500841DC5 /* ZYRecordAudioMgr.h */,
				09C63A8D2631D00500841DC5 /* ZYRecordAudioMgr.mm */,
			);
			path = OC;
			sourceTree = "<group>";
		};
		09C63A902631D00500841DC5 /* CPlusPlus */ = {
			isa = PBXGroup;
			children = (
				0904A16C263465FB00E721C3 /* AudioConver.cpp */,
				0904A16B263465FB00E721C3 /* AudioConver.hpp */,
				09C63A962631D05700841DC5 /* RecordAudio.cpp */,
				09C63A972631D05700841DC5 /* RecordAudio.hpp */,
			);
			path = CPlusPlus;
			sourceTree = "<group>";
		};
/* End PBXGroup section */

/* Begin PBXNativeTarget section */
		090BEE61261C2119009D59C8 /* 03-RecordAudio */ = {
			isa = PBXNativeTarget;
			buildConfigurationList = 090BEE8C261C211B009D59C8 /* Build configuration list for PBXNativeTarget "03-RecordAudio" */;
			buildPhases = (
				090BEE5E261C2119009D59C8 /* Sources */,
				090BEE5F261C2119009D59C8 /* Frameworks */,
				090BEE60261C2119009D59C8 /* Resources */,
				09EDE2FB268B74830047D9AA /* Embed Libraries */,
			);
			buildRules = (
			);
			dependencies = (
			);
			name = "03-RecordAudio";
			productName = "03-RecordAudio";
			productReference = 090BEE62261C2119009D59C8 /* 03-RecordAudio.app */;
			productType = "com.apple.product-type.application";
		};
		090BEE77261C211B009D59C8 /* 03-RecordAudioTests */ = {
			isa = PBXNativeTarget;
			buildConfigurationList = 090BEE8F261C211B009D59C8 /* Build configuration list for PBXNativeTarget "03-RecordAudioTests" */;
			buildPhases = (
				090BEE74261C211B009D59C8 /* Sources */,
				090BEE75261C211B009D59C8 /* Frameworks */,
				090BEE76261C211B009D59C8 /* Resources */,
			);
			buildRules = (
			);
			dependencies = (
				090BEE7A261C211B009D59C8 /* PBXTargetDependency */,
			);
			name = "03-RecordAudioTests";
			productName = "03-RecordAudioTests";
			productReference = 090BEE78261C211B009D59C8 /* 03-RecordAudioTests.xctest */;
			productType = "com.apple.product-type.bundle.unit-test";
		};
		090BEE82261C211B009D59C8 /* 03-RecordAudioUITests */ = {
			isa = PBXNativeTarget;
			buildConfigurationList = 090BEE92261C211B009D59C8 /* Build configuration list for PBXNativeTarget "03-RecordAudioUITests" */;
			buildPhases = (
				090BEE7F261C211B009D59C8 /* Sources */,
				090BEE80261C211B009D59C8 /* Frameworks */,
				090BEE81261C211B009D59C8 /* Resources */,
			);
			buildRules = (
			);
			dependencies = (
				090BEE85261C211B009D59C8 /* PBXTargetDependency */,
			);
			name = "03-RecordAudioUITests";
			productName = "03-RecordAudioUITests";
			productReference = 090BEE83261C211B009D59C8 /* 03-RecordAudioUITests.xctest */;
			productType = "com.apple.product-type.bundle.ui-testing";
		};
/* End PBXNativeTarget section */

/* Begin PBXProject section */
		090BEE5A261C2119009D59C8 /* Project object */ = {
			isa = PBXProject;
			attributes = {
				LastUpgradeCheck = 1230;
				TargetAttributes = {
					090BEE61261C2119009D59C8 = {
						CreatedOnToolsVersion = 12.0.1;
					};
					090BEE77261C211B009D59C8 = {
						CreatedOnToolsVersion = 12.0.1;
						TestTargetID = 090BEE61261C2119009D59C8;
					};
					090BEE82261C211B009D59C8 = {
						CreatedOnToolsVersion = 12.0.1;
						TestTargetID = 090BEE61261C2119009D59C8;
					};
				};
			};
			buildConfigurationList = 090BEE5D261C2119009D59C8 /* Build configuration list for PBXProject "03-RecordAudio" */;
			compatibilityVersion = "Xcode 9.3";
			developmentRegion = en;
			hasScannedForEncodings = 0;
			knownRegions = (
				en,
				Base,
			);
			mainGroup = 090BEE59261C2119009D59C8;
			productRefGroup = 090BEE63261C2119009D59C8 /* Products */;
			projectDirPath = "";
			projectRoot = "";
			targets = (
				090BEE61261C2119009D59C8 /* 03-RecordAudio */,
				090BEE77261C211B009D59C8 /* 03-RecordAudioTests */,
				090BEE82261C211B009D59C8 /* 03-RecordAudioUITests */,
			);
		};
/* End PBXProject section */

/* Begin PBXResourcesBuildPhase section */
		090BEE60261C2119009D59C8 /* Resources */ = {
			isa = PBXResourcesBuildPhase;
			buildActionMask = 2147483647;
			files = (
				090BEE6C261C211B009D59C8 /* Assets.xcassets in Resources */,
				090BEE6F261C211B009D59C8 /* Main.storyboard in Resources */,
			);
			runOnlyForDeploymentPostprocessing = 0;
		};
		090BEE76261C211B009D59C8 /* Resources */ = {
			isa = PBXResourcesBuildPhase;
			buildActionMask = 2147483647;
			files = (
			);
			runOnlyForDeploymentPostprocessing = 0;
		};
		090BEE81261C211B009D59C8 /* Resources */ = {
			isa = PBXResourcesBuildPhase;
			buildActionMask = 2147483647;
			files = (
			);
			runOnlyForDeploymentPostprocessing = 0;
		};
/* End PBXResourcesBuildPhase section */

/* Begin PBXSourcesBuildPhase section */
		090BEE5E261C2119009D59C8 /* Sources */ = {
			isa = PBXSourcesBuildPhase;
			buildActionMask = 2147483647;
			files = (
				09C63A922631D00500841DC5 /* ZYPlayAudioMgr.mm in Sources */,
				090BEE6A261C2119009D59C8 /* ViewController.mm in Sources */,
				09C584962691FD130097547F /* ZYPlayWavMgr.mm in Sources */,
				09C63A912631D00500841DC5 /* ZYRecordAudioMgr.mm in Sources */,
				09C63A982631D05700841DC5 /* RecordAudio.cpp in Sources */,
				090BEE72261C211B009D59C8 /* main.mm in Sources */,
				0904A1732634662000E721C3 /* ZYAudioConverMgr.mm in Sources */,
				0904A16D263465FB00E721C3 /* AudioConver.cpp in Sources */,
				090BEE67261C2119009D59C8 /* AppDelegate.m in Sources */,
			);
			runOnlyForDeploymentPostprocessing = 0;
		};
		090BEE74261C211B009D59C8 /* Sources */ = {
			isa = PBXSourcesBuildPhase;
			buildActionMask = 2147483647;
			files = (
				090BEE7D261C211B009D59C8 /* _3_RecordAudioTests.m in Sources */,
			);
			runOnlyForDeploymentPostprocessing = 0;
		};
		090BEE7F261C211B009D59C8 /* Sources */ = {
			isa = PBXSourcesBuildPhase;
			buildActionMask = 2147483647;
			files = (
				090BEE88261C211B009D59C8 /* _3_RecordAudioUITests.m in Sources */,
			);
			runOnlyForDeploymentPostprocessing = 0;
		};
/* End PBXSourcesBuildPhase section */

/* Begin PBXTargetDependency section */
		090BEE7A261C211B009D59C8 /* PBXTargetDependency */ = {
			isa = PBXTargetDependency;
			target = 090BEE61261C2119009D59C8 /* 03-RecordAudio */;
			targetProxy = 090BEE79261C211B009D59C8 /* PBXContainerItemProxy */;
		};
		090BEE85261C211B009D59C8 /* PBXTargetDependency */ = {
			isa = PBXTargetDependency;
			target = 090BEE61261C2119009D59C8 /* 03-RecordAudio */;
			targetProxy = 090BEE84261C211B009D59C8 /* PBXContainerItemProxy */;
		};
/* End PBXTargetDependency section */

/* Begin PBXVariantGroup section */
		090BEE6D261C211B009D59C8 /* Main.storyboard */ = {
			isa = PBXVariantGroup;
			children = (
				090BEE6E261C211B009D59C8 /* Base */,
			);
			name = Main.storyboard;
			sourceTree = "<group>";
		};
/* End PBXVariantGroup section */

/* Begin XCBuildConfiguration section */
		090BEE8A261C211B009D59C8 /* Debug */ = {
			isa = XCBuildConfiguration;
			buildSettings = {
				ALWAYS_SEARCH_USER_PATHS = NO;
				CLANG_ANALYZER_NONNULL = YES;
				CLANG_ANALYZER_NUMBER_OBJECT_CONVERSION = YES_AGGRESSIVE;
				CLANG_CXX_LANGUAGE_STANDARD = "gnu++14";
				CLANG_CXX_LIBRARY = "libc++";
				CLANG_ENABLE_MODULES = YES;
				CLANG_ENABLE_OBJC_ARC = YES;
				CLANG_ENABLE_OBJC_WEAK = YES;
				CLANG_WARN_BLOCK_CAPTURE_AUTORELEASING = YES;
				CLANG_WARN_BOOL_CONVERSION = YES;
				CLANG_WARN_COMMA = YES;
				CLANG_WARN_CONSTANT_CONVERSION = YES;
				CLANG_WARN_DEPRECATED_OBJC_IMPLEMENTATIONS = YES;
				CLANG_WARN_DIRECT_OBJC_ISA_USAGE = YES_ERROR;
				CLANG_WARN_DOCUMENTATION_COMMENTS = YES;
				CLANG_WARN_EMPTY_BODY = YES;
				CLANG_WARN_ENUM_CONVERSION = YES;
				CLANG_WARN_INFINITE_RECURSION = YES;
				CLANG_WARN_INT_CONVERSION = YES;
				CLANG_WARN_NON_LITERAL_NULL_CONVERSION = YES;
				CLANG_WARN_OBJC_IMPLICIT_RETAIN_SELF = YES;
				CLANG_WARN_OBJC_LITERAL_CONVERSION = YES;
				CLANG_WARN_OBJC_ROOT_CLASS = YES_ERROR;
				CLANG_WARN_QUOTED_INCLUDE_IN_FRAMEWORK_HEADER = YES;
				CLANG_WARN_RANGE_LOOP_ANALYSIS = YES;
				CLANG_WARN_STRICT_PROTOTYPES = YES;
				CLANG_WARN_SUSPICIOUS_MOVE = YES;
				CLANG_WARN_UNGUARDED_AVAILABILITY = YES_AGGRESSIVE;
				CLANG_WARN_UNREACHABLE_CODE = YES;
				CLANG_WARN__DUPLICATE_METHOD_MATCH = YES;
				COPY_PHASE_STRIP = NO;
				DEBUG_INFORMATION_FORMAT = dwarf;
				ENABLE_STRICT_OBJC_MSGSEND = YES;
				ENABLE_TESTABILITY = YES;
				GCC_C_LANGUAGE_STANDARD = gnu11;
				GCC_DYNAMIC_NO_PIC = NO;
				GCC_NO_COMMON_BLOCKS = YES;
				GCC_OPTIMIZATION_LEVEL = 0;
				GCC_PREPROCESSOR_DEFINITIONS = (
					"DEBUG=1",
					"$(inherited)",
				);
				GCC_WARN_64_TO_32_BIT_CONVERSION = YES;
				GCC_WARN_ABOUT_RETURN_TYPE = YES_ERROR;
				GCC_WARN_UNDECLARED_SELECTOR = YES;
				GCC_WARN_UNINITIALIZED_AUTOS = YES_AGGRESSIVE;
				GCC_WARN_UNUSED_FUNCTION = YES;
				GCC_WARN_UNUSED_VARIABLE = YES;
				MACOSX_DEPLOYMENT_TARGET = 10.15;
				MTL_ENABLE_DEBUG_INFO = INCLUDE_SOURCE;
				MTL_FAST_MATH = YES;
				ONLY_ACTIVE_ARCH = YES;
				SDKROOT = macosx;
			};
			name = Debug;
		};
		090BEE8B261C211B009D59C8 /* Release */ = {
			isa = XCBuildConfiguration;
			buildSettings = {
				ALWAYS_SEARCH_USER_PATHS = NO;
				CLANG_ANALYZER_NONNULL = YES;
				CLANG_ANALYZER_NUMBER_OBJECT_CONVERSION = YES_AGGRESSIVE;
				CLANG_CXX_LANGUAGE_STANDARD = "gnu++14";
				CLANG_CXX_LIBRARY = "libc++";
				CLANG_ENABLE_MODULES = YES;
				CLANG_ENABLE_OBJC_ARC = YES;
				CLANG_ENABLE_OBJC_WEAK = YES;
				CLANG_WARN_BLOCK_CAPTURE_AUTORELEASING = YES;
				CLANG_WARN_BOOL_CONVERSION = YES;
				CLANG_WARN_COMMA = YES;
				CLANG_WARN_CONSTANT_CONVERSION = YES;
				CLANG_WARN_DEPRECATED_OBJC_IMPLEMENTATIONS = YES;
				CLANG_WARN_DIRECT_OBJC_ISA_USAGE = YES_ERROR;
				CLANG_WARN_DOCUMENTATION_COMMENTS = YES;
				CLANG_WARN_EMPTY_BODY = YES;
				CLANG_WARN_ENUM_CONVERSION = YES;
				CLANG_WARN_INFINITE_RECURSION = YES;
				CLANG_WARN_INT_CONVERSION = YES;
				CLANG_WARN_NON_LITERAL_NULL_CONVERSION = YES;
				CLANG_WARN_OBJC_IMPLICIT_RETAIN_SELF = YES;
				CLANG_WARN_OBJC_LITERAL_CONVERSION = YES;
				CLANG_WARN_OBJC_ROOT_CLASS = YES_ERROR;
				CLANG_WARN_QUOTED_INCLUDE_IN_FRAMEWORK_HEADER = YES;
				CLANG_WARN_RANGE_LOOP_ANALYSIS = YES;
				CLANG_WARN_STRICT_PROTOTYPES = YES;
				CLANG_WARN_SUSPICIOUS_MOVE = YES;
				CLANG_WARN_UNGUARDED_AVAILABILITY = YES_AGGRESSIVE;
				CLANG_WARN_UNREACHABLE_CODE = YES;
				CLANG_WARN__DUPLICATE_METHOD_MATCH = YES;
				COPY_PHASE_STRIP = NO;
				DEBUG_INFORMATION_FORMAT = "dwarf-with-dsym";
				ENABLE_NS_ASSERTIONS = NO;
				ENABLE_STRICT_OBJC_MSGSEND = YES;
				GCC_C_LANGUAGE_STANDARD = gnu11;
				GCC_NO_COMMON_BLOCKS = YES;
				GCC_WARN_64_TO_32_BIT_CONVERSION = YES;
				GCC_WARN_ABOUT_RETURN_TYPE = YES_ERROR;
				GCC_WARN_UNDECLARED_SELECTOR = YES;
				GCC_WARN_UNINITIALIZED_AUTOS = YES_AGGRESSIVE;
				GCC_WARN_UNUSED_FUNCTION = YES;
				GCC_WARN_UNUSED_VARIABLE = YES;
				MACOSX_DEPLOYMENT_TARGET = 10.15;
				MTL_ENABLE_DEBUG_INFO = NO;
				MTL_FAST_MATH = YES;
				SDKROOT = macosx;
			};
			name = Release;
		};
		090BEE8D261C211B009D59C8 /* Debug */ = {
			isa = XCBuildConfiguration;
			buildSettings = {
				ALWAYS_SEARCH_USER_PATHS = NO;
				ASSETCATALOG_COMPILER_APPICON_NAME = AppIcon;
				ASSETCATALOG_COMPILER_GLOBAL_ACCENT_COLOR_NAME = AccentColor;
				CODE_SIGN_ENTITLEMENTS = "03-RecordAudio/_3_RecordAudio.entitlements";
				CODE_SIGN_IDENTITY = "Apple Development: 1204473090@qq.com (KGD7TUGTWB)";
				CODE_SIGN_STYLE = Manual;
				COMBINE_HIDPI_IMAGES = YES;
				DEVELOPMENT_TEAM = "";
				ENABLE_HARDENED_RUNTIME = YES;
				EXCLUDED_ARCHS = "";
				HEADER_SEARCH_PATHS = (
					/usr/local/Cellar/ffmpeg/include,
					"/opt/homebrew/Cellar/sdl2/2.0.14_1/include/**",
				);
				INFOPLIST_FILE = "03-RecordAudio/Info.plist";
				LD_RUNPATH_SEARCH_PATHS = (
					"$(inherited)",
					"@executable_path/../Frameworks",
				);
				LIBRARY_SEARCH_PATHS = (
					"$(inherited)",
					/usr/local/Cellar/ffmpeg/lib,
					"$(PROJECT_DIR)/03-RecordAudio/lib",
					/opt/homebrew/Cellar/sdl2/2.0.14_1/lib,
				);
				OTHER_LDFLAGS = "";
				PRODUCT_BUNDLE_IDENTIFIER = "xxxx.-3-RecordAudio";
				PRODUCT_NAME = "$(TARGET_NAME)";
				PROVISIONING_PROFILE_SPECIFIER = "";
			};
			name = Debug;
		};
		090BEE8E261C211B009D59C8 /* Release */ = {
			isa = XCBuildConfiguration;
			buildSettings = {
				ALWAYS_SEARCH_USER_PATHS = NO;
				ASSETCATALOG_COMPILER_APPICON_NAME = AppIcon;
				ASSETCATALOG_COMPILER_GLOBAL_ACCENT_COLOR_NAME = AccentColor;
				CODE_SIGN_ENTITLEMENTS = "03-RecordAudio/_3_RecordAudio.entitlements";
				CODE_SIGN_IDENTITY = "Apple Development: 1204473090@qq.com (KGD7TUGTWB)";
				CODE_SIGN_STYLE = Manual;
				COMBINE_HIDPI_IMAGES = YES;
				DEVELOPMENT_TEAM = T6FCKHRT95;
				ENABLE_HARDENED_RUNTIME = YES;
				HEADER_SEARCH_PATHS = (
					/usr/local/Cellar/ffmpeg/include,
					"/opt/homebrew/Cellar/sdl2/2.0.14_1/include/**",
				);
				INFOPLIST_FILE = "03-RecordAudio/Info.plist";
				LD_RUNPATH_SEARCH_PATHS = (
					"$(inherited)",
					"@executable_path/../Frameworks",
				);
				LIBRARY_SEARCH_PATHS = (
					"$(inherited)",
					/usr/local/Cellar/ffmpeg/lib,
					"$(PROJECT_DIR)/03-RecordAudio/lib",
					/opt/homebrew/Cellar/sdl2/2.0.14_1/lib,
				);
				ONLY_ACTIVE_ARCH = YES;
				OTHER_LDFLAGS = "";
				PRODUCT_BUNDLE_IDENTIFIER = "xxxx.-3-RecordAudio";
				PRODUCT_NAME = "$(TARGET_NAME)";
				PROVISIONING_PROFILE_SPECIFIER = "";
			};
			name = Release;
		};
		090BEE90261C211B009D59C8 /* Debug */ = {
			isa = XCBuildConfiguration;
			buildSettings = {
				BUNDLE_LOADER = "$(TEST_HOST)";
				CODE_SIGN_STYLE = Automatic;
				COMBINE_HIDPI_IMAGES = YES;
				DEVELOPMENT_TEAM = T6FCKHRT95;
				INFOPLIST_FILE = "03-RecordAudioTests/Info.plist";
				LD_RUNPATH_SEARCH_PATHS = (
					"$(inherited)",
					"@executable_path/../Frameworks",
					"@loader_path/../Frameworks",
				);
				MACOSX_DEPLOYMENT_TARGET = 10.15;
				PRODUCT_BUNDLE_IDENTIFIER = "xxxx.-3-RecordAudioTests";
				PRODUCT_NAME = "$(TARGET_NAME)";
				TEST_HOST = "$(BUILT_PRODUCTS_DIR)/03-RecordAudio.app/Contents/MacOS/03-RecordAudio";
			};
			name = Debug;
		};
		090BEE91261C211B009D59C8 /* Release */ = {
			isa = XCBuildConfiguration;
			buildSettings = {
				BUNDLE_LOADER = "$(TEST_HOST)";
				CODE_SIGN_STYLE = Automatic;
				COMBINE_HIDPI_IMAGES = YES;
				DEVELOPMENT_TEAM = T6FCKHRT95;
				INFOPLIST_FILE = "03-RecordAudioTests/Info.plist";
				LD_RUNPATH_SEARCH_PATHS = (
					"$(inherited)",
					"@executable_path/../Frameworks",
					"@loader_path/../Frameworks",
				);
				MACOSX_DEPLOYMENT_TARGET = 10.15;
				PRODUCT_BUNDLE_IDENTIFIER = "xxxx.-3-RecordAudioTests";
				PRODUCT_NAME = "$(TARGET_NAME)";
				TEST_HOST = "$(BUILT_PRODUCTS_DIR)/03-RecordAudio.app/Contents/MacOS/03-RecordAudio";
			};
			name = Release;
		};
		090BEE93261C211B009D59C8 /* Debug */ = {
			isa = XCBuildConfiguration;
			buildSettings = {
				CODE_SIGN_STYLE = Automatic;
				COMBINE_HIDPI_IMAGES = YES;
				DEVELOPMENT_TEAM = T6FCKHRT95;
				INFOPLIST_FILE = "03-RecordAudioUITests/Info.plist";
				LD_RUNPATH_SEARCH_PATHS = (
					"$(inherited)",
					"@executable_path/../Frameworks",
					"@loader_path/../Frameworks",
				);
				PRODUCT_BUNDLE_IDENTIFIER = "xxxx.-3-RecordAudioUITests";
				PRODUCT_NAME = "$(TARGET_NAME)";
				TEST_TARGET_NAME = "03-RecordAudio";
			};
			name = Debug;
		};
		090BEE94261C211B009D59C8 /* Release */ = {
			isa = XCBuildConfiguration;
			buildSettings = {
				CODE_SIGN_STYLE = Automatic;
				COMBINE_HIDPI_IMAGES = YES;
				DEVELOPMENT_TEAM = T6FCKHRT95;
				INFOPLIST_FILE = "03-RecordAudioUITests/Info.plist";
				LD_RUNPATH_SEARCH_PATHS = (
					"$(inherited)",
					"@executable_path/../Frameworks",
					"@loader_path/../Frameworks",
				);
				PRODUCT_BUNDLE_IDENTIFIER = "xxxx.-3-RecordAudioUITests";
				PRODUCT_NAME = "$(TARGET_NAME)";
				TEST_TARGET_NAME = "03-RecordAudio";
			};
			name = Release;
		};
/* End XCBuildConfiguration section */

/* Begin XCConfigurationList section */
		090BEE5D261C2119009D59C8 /* Build configuration list for PBXProject "03-RecordAudio" */ = {
			isa = XCConfigurationList;
			buildConfigurations = (
				090BEE8A261C211B009D59C8 /* Debug */,
				090BEE8B261C211B009D59C8 /* Release */,
			);
			defaultConfigurationIsVisible = 0;
			defaultConfigurationName = Release;
		};
		090BEE8C261C211B009D59C8 /* Build configuration list for PBXNativeTarget "03-RecordAudio" */ = {
			isa = XCConfigurationList;
			buildConfigurations = (
				090BEE8D261C211B009D59C8 /* Debug */,
				090BEE8E261C211B009D59C8 /* Release */,
			);
			defaultConfigurationIsVisible = 0;
			defaultConfigurationName = Release;
		};
		090BEE8F261C211B009D59C8 /* Build configuration list for PBXNativeTarget "03-RecordAudioTests" */ = {
			isa = XCConfigurationList;
			buildConfigurations = (
				090BEE90261C211B009D59C8 /* Debug */,
				090BEE91261C211B009D59C8 /* Release */,
			);
			defaultConfigurationIsVisible = 0;
			defaultConfigurationName = Release;
		};
		090BEE92261C211B009D59C8 /* Build configuration list for PBXNativeTarget "03-RecordAudioUITests" */ = {
			isa = XCConfigurationList;
			buildConfigurations = (
				090BEE93261C211B009D59C8 /* Debug */,
				090BEE94261C211B009D59C8 /* Release */,
			);
			defaultConfigurationIsVisible = 0;
			defaultConfigurationName = Release;
		};
/* End XCConfigurationList section */
	};
	rootObject = 090BEE5A261C2119009D59C8 /* Project object */;
}
