// !$*UTF8*$!
{
	archiveVersion = 1;
	classes = {
	};
	objectVersion = 50;
	objects = {

/* Begin PBXBuildFile section */
		090BEE67261C2119009D59C8 /* AppDelegate.m in Sources */ = {isa = PBXBuildFile; fileRef = 090BEE66261C2119009D59C8 /* AppDelegate.m */; };
		090BEE6A261C2119009D59C8 /* ViewController.mm in Sources */ = {isa = PBXBuildFile; fileRef = 090BEE69261C2119009D59C8 /* ViewController.mm */; };
		090BEE6C261C211B009D59C8 /* Assets.xcassets in Resources */ = {isa = PBXBuildFile; fileRef = 090BEE6B261C211B009D59C8 /* Assets.xcassets */; };
		090BEE6F261C211B009D59C8 /* Main.storyboard in Resources */ = {isa = PBXBuildFile; fileRef = 090BEE6D261C211B009D59C8 /* Main.storyboard */; };
		090BEE72261C211B009D59C8 /* main.mm in Sources */ = {isa = PBXBuildFile; fileRef = 090BEE71261C211B009D59C8 /* main.mm */; };
		090BEE7D261C211B009D59C8 /* _3_RecordAudioTests.m in Sources */ = {isa = PBXBuildFile; fileRef = 090BEE7C261C211B009D59C8 /* _3_RecordAudioTests.m */; };
		090BEE88261C211B009D59C8 /* _3_RecordAudioUITests.m in Sources */ = {isa = PBXBuildFile; fileRef = 090BEE87261C211B009D59C8 /* _3_RecordAudioUITests.m */; };
		0987EEB6262DC45800926D6E /* libSDL2_test.a in Frameworks */ = {isa = PBXBuildFile; fileRef = 0987EEB4262DC45600926D6E /* libSDL2_test.a */; };
		0987EEB7262DC45800926D6E /* libSDL2.a in Frameworks */ = {isa = PBXBuildFile; fileRef = 0987EEB5262DC45600926D6E /* libSDL2.a */; };
		0987EEB8262DC45800926D6E /* libSDL2main.a in Frameworks */ = {isa = PBXBuildFile; fileRef = 0987EEB3262DC45600926D6E /* libSDL2main.a */; };
		0987EEC2262DC47800926D6E /* libavcodec.a in Frameworks */ = {isa = PBXBuildFile; fileRef = 0987EEBD262DC47400926D6E /* libavcodec.a */; };
		0987EEC3262DC47800926D6E /* libavdevice.a in Frameworks */ = {isa = PBXBuildFile; fileRef = 0987EEC0262DC47400926D6E /* libavdevice.a */; };
		0987EEC4262DC47800926D6E /* libavfilter.a in Frameworks */ = {isa = PBXBuildFile; fileRef = 0987EEBF262DC47400926D6E /* libavfilter.a */; };
		0987EEC5262DC47800926D6E /* libavformat.a in Frameworks */ = {isa = PBXBuildFile; fileRef = 0987EEBB262DC47400926D6E /* libavformat.a */; };
		0987EEC6262DC47800926D6E /* libavresample.a in Frameworks */ = {isa = PBXBuildFile; fileRef = 0987EEC1262DC47400926D6E /* libavresample.a */; };
		0987EEC7262DC47800926D6E /* libavutil.a in Frameworks */ = {isa = PBXBuildFile; fileRef = 0987EEB9262DC47400926D6E /* libavutil.a */; };
		0987EEC8262DC47800926D6E /* libpostproc.a in Frameworks */ = {isa = PBXBuildFile; fileRef = 0987EEBC262DC47400926D6E /* libpostproc.a */; };
		0987EEC9262DC47800926D6E /* libswresample.a in Frameworks */ = {isa = PBXBuildFile; fileRef = 0987EEBE262DC47400926D6E /* libswresample.a */; };
		0987EECA262DC47800926D6E /* libswscale.a in Frameworks */ = {isa = PBXBuildFile; fileRef = 0987EEBA262DC47400926D6E /* libswscale.a */; };
		09EF7AA426297233004C28DE /* ZYPlayAudioMgr.mm in Sources */ = {isa = PBXBuildFile; fileRef = 09EF7AA326297233004C28DE /* ZYPlayAudioMgr.mm */; };
		09F74E5F26255A0300CF82DA /* ZYRecordAudioMgr.mm in Sources */ = {isa = PBXBuildFile; fileRef = 09F74E5E26255A0300CF82DA /* ZYRecordAudioMgr.mm */; };
/* End PBXBuildFile section */

/* Begin PBXContainerItemProxy section */
		090BEE79261C211B009D59C8 /* PBXContainerItemProxy */ = {
			isa = PBXContainerItemProxy;
			containerPortal = 090BEE5A261C2119009D59C8 /* Project object */;
			proxyType = 1;
			remoteGlobalIDString = 090BEE61261C2119009D59C8;
			remoteInfo = "03-RecordAudio";
		};
		090BEE84261C211B009D59C8 /* PBXContainerItemProxy */ = {
			isa = PBXContainerItemProxy;
			containerPortal = 090BEE5A261C2119009D59C8 /* Project object */;
			proxyType = 1;
			remoteGlobalIDString = 090BEE61261C2119009D59C8;
			remoteInfo = "03-RecordAudio";
		};
/* End PBXContainerItemProxy section */

/* Begin PBXFileReference section */
		090BEE62261C2119009D59C8 /* 03-RecordAudio.app */ = {isa = PBXFileReference; explicitFileType = wrapper.application; includeInIndex = 0; path = "03-RecordAudio.app"; sourceTree = BUILT_PRODUCTS_DIR; };
		090BEE65261C2119009D59C8 /* AppDelegate.h */ = {isa = PBXFileReference; lastKnownFileType = sourcecode.c.h; path = AppDelegate.h; sourceTree = "<group>"; };
		090BEE66261C2119009D59C8 /* AppDelegate.m */ = {isa = PBXFileReference; lastKnownFileType = sourcecode.c.objc; path = AppDelegate.m; sourceTree = "<group>"; };
		090BEE68261C2119009D59C8 /* ViewController.h */ = {isa = PBXFileReference; lastKnownFileType = sourcecode.c.h; path = ViewController.h; sourceTree = "<group>"; };
		090BEE69261C2119009D59C8 /* ViewController.mm */ = {isa = PBXFileReference; lastKnownFileType = sourcecode.cpp.objcpp; path = ViewController.mm; sourceTree = "<group>"; };
		090BEE6B261C211B009D59C8 /* Assets.xcassets */ = {isa = PBXFileReference; lastKnownFileType = folder.assetcatalog; path = Assets.xcassets; sourceTree = "<group>"; };
		090BEE6E261C211B009D59C8 /* Base */ = {isa = PBXFileReference; lastKnownFileType = file.storyboard; name = Base; path = Base.lproj/Main.storyboard; sourceTree = "<group>"; };
		090BEE70261C211B009D59C8 /* Info.plist */ = {isa = PBXFileReference; lastKnownFileType = text.plist.xml; path = Info.plist; sourceTree = "<group>"; };
		090BEE71261C211B009D59C8 /* main.mm */ = {isa = PBXFileReference; lastKnownFileType = sourcecode.cpp.objcpp; path = main.mm; sourceTree = "<group>"; };
		090BEE73261C211B009D59C8 /* _3_RecordAudio.entitlements */ = {isa = PBXFileReference; lastKnownFileType = text.plist.entitlements; path = _3_RecordAudio.entitlements; sourceTree = "<group>"; };
		090BEE78261C211B009D59C8 /* 03-RecordAudioTests.xctest */ = {isa = PBXFileReference; explicitFileType = wrapper.cfbundle; includeInIndex = 0; path = "03-RecordAudioTests.xctest"; sourceTree = BUILT_PRODUCTS_DIR; };
		090BEE7C261C211B009D59C8 /* _3_RecordAudioTests.m */ = {isa = PBXFileReference; lastKnownFileType = sourcecode.c.objc; path = _3_RecordAudioTests.m; sourceTree = "<group>"; };
		090BEE7E261C211B009D59C8 /* Info.plist */ = {isa = PBXFileReference; lastKnownFileType = text.plist.xml; path = Info.plist; sourceTree = "<group>"; };
		090BEE83261C211B009D59C8 /* 03-RecordAudioUITests.xctest */ = {isa = PBXFileReference; explicitFileType = wrapper.cfbundle; includeInIndex = 0; path = "03-RecordAudioUITests.xctest"; sourceTree = BUILT_PRODUCTS_DIR; };
		090BEE87261C211B009D59C8 /* _3_RecordAudioUITests.m */ = {isa = PBXFileReference; lastKnownFileType = sourcecode.c.objc; path = _3_RecordAudioUITests.m; sourceTree = "<group>"; };
		090BEE89261C211B009D59C8 /* Info.plist */ = {isa = PBXFileReference; lastKnownFileType = text.plist.xml; path = Info.plist; sourceTree = "<group>"; };
		0987EEB3262DC45600926D6E /* libSDL2main.a */ = {isa = PBXFileReference; lastKnownFileType = archive.ar; name = libSDL2main.a; path = ../../../usr/local/Cellar/sdl2/2.0.14_1/lib/libSDL2main.a; sourceTree = "<group>"; };
		0987EEB4262DC45600926D6E /* libSDL2_test.a */ = {isa = PBXFileReference; lastKnownFileType = archive.ar; name = libSDL2_test.a; path = ../../../usr/local/Cellar/sdl2/2.0.14_1/lib/libSDL2_test.a; sourceTree = "<group>"; };
		0987EEB5262DC45600926D6E /* libSDL2.a */ = {isa = PBXFileReference; lastKnownFileType = archive.ar; name = libSDL2.a; path = ../../../usr/local/Cellar/sdl2/2.0.14_1/lib/libSDL2.a; sourceTree = "<group>"; };
		0987EEB9262DC47400926D6E /* libavutil.a */ = {isa = PBXFileReference; lastKnownFileType = archive.ar; name = libavutil.a; path = ../../../usr/local/Cellar/ffmpeg/4.3.2_4/lib/libavutil.a; sourceTree = "<group>"; };
		0987EEBA262DC47400926D6E /* libswscale.a */ = {isa = PBXFileReference; lastKnownFileType = archive.ar; name = libswscale.a; path = ../../../usr/local/Cellar/ffmpeg/4.3.2_4/lib/libswscale.a; sourceTree = "<group>"; };
		0987EEBB262DC47400926D6E /* libavformat.a */ = {isa = PBXFileReference; lastKnownFileType = archive.ar; name = libavformat.a; path = ../../../usr/local/Cellar/ffmpeg/4.3.2_4/lib/libavformat.a; sourceTree = "<group>"; };
		0987EEBC262DC47400926D6E /* libpostproc.a */ = {isa = PBXFileReference; lastKnownFileType = archive.ar; name = libpostproc.a; path = ../../../usr/local/Cellar/ffmpeg/4.3.2_4/lib/libpostproc.a; sourceTree = "<group>"; };
		0987EEBD262DC47400926D6E /* libavcodec.a */ = {isa = PBXFileReference; lastKnownFileType = archive.ar; name = libavcodec.a; path = ../../../usr/local/Cellar/ffmpeg/4.3.2_4/lib/libavcodec.a; sourceTree = "<group>"; };
		0987EEBE262DC47400926D6E /* libswresample.a */ = {isa = PBXFileReference; lastKnownFileType = archive.ar; name = libswresample.a; path = ../../../usr/local/Cellar/ffmpeg/4.3.2_4/lib/libswresample.a; sourceTree = "<group>"; };
		0987EEBF262DC47400926D6E /* libavfilter.a */ = {isa = PBXFileReference; lastKnownFileType = archive.ar; name = libavfilter.a; path = ../../../usr/local/Cellar/ffmpeg/4.3.2_4/lib/libavfilter.a; sourceTree = "<group>"; };
		0987EEC0262DC47400926D6E /* libavdevice.a */ = {isa = PBXFileReference; lastKnownFileType = archive.ar; name = libavdevice.a; path = ../../../usr/local/Cellar/ffmpeg/4.3.2_4/lib/libavdevice.a; sourceTree = "<group>"; };
		0987EEC1262DC47400926D6E /* libavresample.a */ = {isa = PBXFileReference; lastKnownFileType = archive.ar; name = libavresample.a; path = ../../../usr/local/Cellar/ffmpeg/4.3.2_4/lib/libavresample.a; sourceTree = "<group>"; };
		09EF7AA226297233004C28DE /* ZYPlayAudioMgr.h */ = {isa = PBXFileReference; lastKnownFileType = sourcecode.c.h; path = ZYPlayAudioMgr.h; sourceTree = "<group>"; };
		09EF7AA326297233004C28DE /* ZYPlayAudioMgr.mm */ = {isa = PBXFileReference; lastKnownFileType = sourcecode.cpp.objcpp; path = ZYPlayAudioMgr.mm; sourceTree = "<group>"; };
		09F74E5D26255A0300CF82DA /* ZYRecordAudioMgr.h */ = {isa = PBXFileReference; lastKnownFileType = sourcecode.c.h; path = ZYRecordAudioMgr.h; sourceTree = "<group>"; };
		09F74E5E26255A0300CF82DA /* ZYRecordAudioMgr.mm */ = {isa = PBXFileReference; lastKnownFileType = sourcecode.cpp.objcpp; path = ZYRecordAudioMgr.mm; sourceTree = "<group>"; };
/* End PBXFileReference section */

/* Begin PBXFrameworksBuildPhase section */
		090BEE5F261C2119009D59C8 /* Frameworks */ = {
			isa = PBXFrameworksBuildPhase;
			buildActionMask = 2147483647;
			files = (
				0987EECA262DC47800926D6E /* libswscale.a in Frameworks */,
				0987EEC7262DC47800926D6E /* libavutil.a in Frameworks */,
				0987EEC4262DC47800926D6E /* libavfilter.a in Frameworks */,
				0987EEC3262DC47800926D6E /* libavdevice.a in Frameworks */,
				0987EEC5262DC47800926D6E /* libavformat.a in Frameworks */,
				0987EEB7262DC45800926D6E /* libSDL2.a in Frameworks */,
				0987EEB6262DC45800926D6E /* libSDL2_test.a in Frameworks */,
				0987EEC6262DC47800926D6E /* libavresample.a in Frameworks */,
				0987EEC8262DC47800926D6E /* libpostproc.a in Frameworks */,
				0987EEB8262DC45800926D6E /* libSDL2main.a in Frameworks */,
				0987EEC9262DC47800926D6E /* libswresample.a in Frameworks */,
				0987EEC2262DC47800926D6E /* libavcodec.a in Frameworks */,
			);
			runOnlyForDeploymentPostprocessing = 0;
		};
		090BEE75261C211B009D59C8 /* Frameworks */ = {
			isa = PBXFrameworksBuildPhase;
			buildActionMask = 2147483647;
			files = (
			);
			runOnlyForDeploymentPostprocessing = 0;
		};
		090BEE80261C211B009D59C8 /* Frameworks */ = {
			isa = PBXFrameworksBuildPhase;
			buildActionMask = 2147483647;
			files = (
			);
			runOnlyForDeploymentPostprocessing = 0;
		};
/* End PBXFrameworksBuildPhase section */

/* Begin PBXGroup section */
		090BEE59261C2119009D59C8 = {
			isa = PBXGroup;
			children = (
				090BEE64261C2119009D59C8 /* 03-RecordAudio */,
				090BEE7B261C211B009D59C8 /* 03-RecordAudioTests */,
				090BEE86261C211B009D59C8 /* 03-RecordAudioUITests */,
				090BEE63261C2119009D59C8 /* Products */,
				090BEE98261C21A9009D59C8 /* Frameworks */,
			);
			sourceTree = "<group>";
		};
		090BEE63261C2119009D59C8 /* Products */ = {
			isa = PBXGroup;
			children = (
				090BEE62261C2119009D59C8 /* 03-RecordAudio.app */,
				090BEE78261C211B009D59C8 /* 03-RecordAudioTests.xctest */,
				090BEE83261C211B009D59C8 /* 03-RecordAudioUITests.xctest */,
			);
			name = Products;
			sourceTree = "<group>";
		};
		090BEE64261C2119009D59C8 /* 03-RecordAudio */ = {
			isa = PBXGroup;
			children = (
				09F74E5D26255A0300CF82DA /* ZYRecordAudioMgr.h */,
				09F74E5E26255A0300CF82DA /* ZYRecordAudioMgr.mm */,
				09EF7AA226297233004C28DE /* ZYPlayAudioMgr.h */,
				09EF7AA326297233004C28DE /* ZYPlayAudioMgr.mm */,
				090BEE65261C2119009D59C8 /* AppDelegate.h */,
				090BEE66261C2119009D59C8 /* AppDelegate.m */,
				090BEE68261C2119009D59C8 /* ViewController.h */,
				090BEE69261C2119009D59C8 /* ViewController.mm */,
				090BEE6B261C211B009D59C8 /* Assets.xcassets */,
				090BEE6D261C211B009D59C8 /* Main.storyboard */,
				090BEE70261C211B009D59C8 /* Info.plist */,
				090BEE71261C211B009D59C8 /* main.mm */,
				090BEE73261C211B009D59C8 /* _3_RecordAudio.entitlements */,
			);
			path = "03-RecordAudio";
			sourceTree = "<group>";
		};
		090BEE7B261C211B009D59C8 /* 03-RecordAudioTests */ = {
			isa = PBXGroup;
			children = (
				090BEE7C261C211B009D59C8 /* _3_RecordAudioTests.m */,
				090BEE7E261C211B009D59C8 /* Info.plist */,
			);
			path = "03-RecordAudioTests";
			sourceTree = "<group>";
		};
		090BEE86261C211B009D59C8 /* 03-RecordAudioUITests */ = {
			isa = PBXGroup;
			children = (
				090BEE87261C211B009D59C8 /* _3_RecordAudioUITests.m */,
				090BEE89261C211B009D59C8 /* Info.plist */,
			);
			path = "03-RecordAudioUITests";
			sourceTree = "<group>";
		};
		090BEE98261C21A9009D59C8 /* Frameworks */ = {
			isa = PBXGroup;
			children = (
				0987EEBD262DC47400926D6E /* libavcodec.a */,
				0987EEC0262DC47400926D6E /* libavdevice.a */,
				0987EEBF262DC47400926D6E /* libavfilter.a */,
				0987EEBB262DC47400926D6E /* libavformat.a */,
				0987EEC1262DC47400926D6E /* libavresample.a */,
				0987EEB9262DC47400926D6E /* libavutil.a */,
				0987EEBC262DC47400926D6E /* libpostproc.a */,
				0987EEBE262DC47400926D6E /* libswresample.a */,
				0987EEBA262DC47400926D6E /* libswscale.a */,
				0987EEB4262DC45600926D6E /* libSDL2_test.a */,
				0987EEB5262DC45600926D6E /* libSDL2.a */,
				0987EEB3262DC45600926D6E /* libSDL2main.a */,
			);
			name = Frameworks;
			sourceTree = "<group>";
		};
/* End PBXGroup section */

/* Begin PBXNativeTarget section */
		090BEE61261C2119009D59C8 /* 03-RecordAudio */ = {
			isa = PBXNativeTarget;
			buildConfigurationList = 090BEE8C261C211B009D59C8 /* Build configuration list for PBXNativeTarget "03-RecordAudio" */;
			buildPhases = (
				090BEE5E261C2119009D59C8 /* Sources */,
				090BEE5F261C2119009D59C8 /* Frameworks */,
				090BEE60261C2119009D59C8 /* Resources */,
			);
			buildRules = (
			);
			dependencies = (
			);
			name = "03-RecordAudio";
			productName = "03-RecordAudio";
			productReference = 090BEE62261C2119009D59C8 /* 03-RecordAudio.app */;
			productType = "com.apple.product-type.application";
		};
		090BEE77261C211B009D59C8 /* 03-RecordAudioTests */ = {
			isa = PBXNativeTarget;
			buildConfigurationList = 090BEE8F261C211B009D59C8 /* Build configuration list for PBXNativeTarget "03-RecordAudioTests" */;
			buildPhases = (
				090BEE74261C211B009D59C8 /* Sources */,
				090BEE75261C211B009D59C8 /* Frameworks */,
				090BEE76261C211B009D59C8 /* Resources */,
			);
			buildRules = (
			);
			dependencies = (
				090BEE7A261C211B009D59C8 /* PBXTargetDependency */,
			);
			name = "03-RecordAudioTests";
			productName = "03-RecordAudioTests";
			productReference = 090BEE78261C211B009D59C8 /* 03-RecordAudioTests.xctest */;
			productType = "com.apple.product-type.bundle.unit-test";
		};
		090BEE82261C211B009D59C8 /* 03-RecordAudioUITests */ = {
			isa = PBXNativeTarget;
			buildConfigurationList = 090BEE92261C211B009D59C8 /* Build configuration list for PBXNativeTarget "03-RecordAudioUITests" */;
			buildPhases = (
				090BEE7F261C211B009D59C8 /* Sources */,
				090BEE80261C211B009D59C8 /* Frameworks */,
				090BEE81261C211B009D59C8 /* Resources */,
			);
			buildRules = (
			);
			dependencies = (
				090BEE85261C211B009D59C8 /* PBXTargetDependency */,
			);
			name = "03-RecordAudioUITests";
			productName = "03-RecordAudioUITests";
			productReference = 090BEE83261C211B009D59C8 /* 03-RecordAudioUITests.xctest */;
			productType = "com.apple.product-type.bundle.ui-testing";
		};
/* End PBXNativeTarget section */

/* Begin PBXProject section */
		090BEE5A261C2119009D59C8 /* Project object */ = {
			isa = PBXProject;
			attributes = {
				LastUpgradeCheck = 1230;
				TargetAttributes = {
					090BEE61261C2119009D59C8 = {
						CreatedOnToolsVersion = 12.0.1;
					};
					090BEE77261C211B009D59C8 = {
						CreatedOnToolsVersion = 12.0.1;
						TestTargetID = 090BEE61261C2119009D59C8;
					};
					090BEE82261C211B009D59C8 = {
						CreatedOnToolsVersion = 12.0.1;
						TestTargetID = 090BEE61261C2119009D59C8;
					};
				};
			};
			buildConfigurationList = 090BEE5D261C2119009D59C8 /* Build configuration list for PBXProject "03-RecordAudio" */;
			compatibilityVersion = "Xcode 9.3";
			developmentRegion = en;
			hasScannedForEncodings = 0;
			knownRegions = (
				en,
				Base,
			);
			mainGroup = 090BEE59261C2119009D59C8;
			productRefGroup = 090BEE63261C2119009D59C8 /* Products */;
			projectDirPath = "";
			projectRoot = "";
			targets = (
				090BEE61261C2119009D59C8 /* 03-RecordAudio */,
				090BEE77261C211B009D59C8 /* 03-RecordAudioTests */,
				090BEE82261C211B009D59C8 /* 03-RecordAudioUITests */,
			);
		};
/* End PBXProject section */

/* Begin PBXResourcesBuildPhase section */
		090BEE60261C2119009D59C8 /* Resources */ = {
			isa = PBXResourcesBuildPhase;
			buildActionMask = 2147483647;
			files = (
				090BEE6C261C211B009D59C8 /* Assets.xcassets in Resources */,
				090BEE6F261C211B009D59C8 /* Main.storyboard in Resources */,
			);
			runOnlyForDeploymentPostprocessing = 0;
		};
		090BEE76261C211B009D59C8 /* Resources */ = {
			isa = PBXResourcesBuildPhase;
			buildActionMask = 2147483647;
			files = (
			);
			runOnlyForDeploymentPostprocessing = 0;
		};
		090BEE81261C211B009D59C8 /* Resources */ = {
			isa = PBXResourcesBuildPhase;
			buildActionMask = 2147483647;
			files = (
			);
			runOnlyForDeploymentPostprocessing = 0;
		};
/* End PBXResourcesBuildPhase section */

/* Begin PBXSourcesBuildPhase section */
		090BEE5E261C2119009D59C8 /* Sources */ = {
			isa = PBXSourcesBuildPhase;
			buildActionMask = 2147483647;
			files = (
				09EF7AA426297233004C28DE /* ZYPlayAudioMgr.mm in Sources */,
				090BEE6A261C2119009D59C8 /* ViewController.mm in Sources */,
				090BEE72261C211B009D59C8 /* main.mm in Sources */,
				09F74E5F26255A0300CF82DA /* ZYRecordAudioMgr.mm in Sources */,
				090BEE67261C2119009D59C8 /* AppDelegate.m in Sources */,
			);
			runOnlyForDeploymentPostprocessing = 0;
		};
		090BEE74261C211B009D59C8 /* Sources */ = {
			isa = PBXSourcesBuildPhase;
			buildActionMask = 2147483647;
			files = (
				090BEE7D261C211B009D59C8 /* _3_RecordAudioTests.m in Sources */,
			);
			runOnlyForDeploymentPostprocessing = 0;
		};
		090BEE7F261C211B009D59C8 /* Sources */ = {
			isa = PBXSourcesBuildPhase;
			buildActionMask = 2147483647;
			files = (
				090BEE88261C211B009D59C8 /* _3_RecordAudioUITests.m in Sources */,
			);
			runOnlyForDeploymentPostprocessing = 0;
		};
/* End PBXSourcesBuildPhase section */

/* Begin PBXTargetDependency section */
		090BEE7A261C211B009D59C8 /* PBXTargetDependency */ = {
			isa = PBXTargetDependency;
			target = 090BEE61261C2119009D59C8 /* 03-RecordAudio */;
			targetProxy = 090BEE79261C211B009D59C8 /* PBXContainerItemProxy */;
		};
		090BEE85261C211B009D59C8 /* PBXTargetDependency */ = {
			isa = PBXTargetDependency;
			target = 090BEE61261C2119009D59C8 /* 03-RecordAudio */;
			targetProxy = 090BEE84261C211B009D59C8 /* PBXContainerItemProxy */;
		};
/* End PBXTargetDependency section */

/* Begin PBXVariantGroup section */
		090BEE6D261C211B009D59C8 /* Main.storyboard */ = {
			isa = PBXVariantGroup;
			children = (
				090BEE6E261C211B009D59C8 /* Base */,
			);
			name = Main.storyboard;
			sourceTree = "<group>";
		};
/* End PBXVariantGroup section */

/* Begin XCBuildConfiguration section */
		090BEE8A261C211B009D59C8 /* Debug */ = {
			isa = XCBuildConfiguration;
			buildSettings = {
				ALWAYS_SEARCH_USER_PATHS = NO;
				CLANG_ANALYZER_NONNULL = YES;
				CLANG_ANALYZER_NUMBER_OBJECT_CONVERSION = YES_AGGRESSIVE;
				CLANG_CXX_LANGUAGE_STANDARD = "gnu++14";
				CLANG_CXX_LIBRARY = "libc++";
				CLANG_ENABLE_MODULES = YES;
				CLANG_ENABLE_OBJC_ARC = YES;
				CLANG_ENABLE_OBJC_WEAK = YES;
				CLANG_WARN_BLOCK_CAPTURE_AUTORELEASING = YES;
				CLANG_WARN_BOOL_CONVERSION = YES;
				CLANG_WARN_COMMA = YES;
				CLANG_WARN_CONSTANT_CONVERSION = YES;
				CLANG_WARN_DEPRECATED_OBJC_IMPLEMENTATIONS = YES;
				CLANG_WARN_DIRECT_OBJC_ISA_USAGE = YES_ERROR;
				CLANG_WARN_DOCUMENTATION_COMMENTS = YES;
				CLANG_WARN_EMPTY_BODY = YES;
				CLANG_WARN_ENUM_CONVERSION = YES;
				CLANG_WARN_INFINITE_RECURSION = YES;
				CLANG_WARN_INT_CONVERSION = YES;
				CLANG_WARN_NON_LITERAL_NULL_CONVERSION = YES;
				CLANG_WARN_OBJC_IMPLICIT_RETAIN_SELF = YES;
				CLANG_WARN_OBJC_LITERAL_CONVERSION = YES;
				CLANG_WARN_OBJC_ROOT_CLASS = YES_ERROR;
				CLANG_WARN_QUOTED_INCLUDE_IN_FRAMEWORK_HEADER = YES;
				CLANG_WARN_RANGE_LOOP_ANALYSIS = YES;
				CLANG_WARN_STRICT_PROTOTYPES = YES;
				CLANG_WARN_SUSPICIOUS_MOVE = YES;
				CLANG_WARN_UNGUARDED_AVAILABILITY = YES_AGGRESSIVE;
				CLANG_WARN_UNREACHABLE_CODE = YES;
				CLANG_WARN__DUPLICATE_METHOD_MATCH = YES;
				COPY_PHASE_STRIP = NO;
				DEBUG_INFORMATION_FORMAT = dwarf;
				ENABLE_STRICT_OBJC_MSGSEND = YES;
				ENABLE_TESTABILITY = YES;
				GCC_C_LANGUAGE_STANDARD = gnu11;
				GCC_DYNAMIC_NO_PIC = NO;
				GCC_NO_COMMON_BLOCKS = YES;
				GCC_OPTIMIZATION_LEVEL = 0;
				GCC_PREPROCESSOR_DEFINITIONS = (
					"DEBUG=1",
					"$(inherited)",
				);
				GCC_WARN_64_TO_32_BIT_CONVERSION = YES;
				GCC_WARN_ABOUT_RETURN_TYPE = YES_ERROR;
				GCC_WARN_UNDECLARED_SELECTOR = YES;
				GCC_WARN_UNINITIALIZED_AUTOS = YES_AGGRESSIVE;
				GCC_WARN_UNUSED_FUNCTION = YES;
				GCC_WARN_UNUSED_VARIABLE = YES;
				MACOSX_DEPLOYMENT_TARGET = 10.15;
				MTL_ENABLE_DEBUG_INFO = INCLUDE_SOURCE;
				MTL_FAST_MATH = YES;
				ONLY_ACTIVE_ARCH = YES;
				SDKROOT = macosx;
			};
			name = Debug;
		};
		090BEE8B261C211B009D59C8 /* Release */ = {
			isa = XCBuildConfiguration;
			buildSettings = {
				ALWAYS_SEARCH_USER_PATHS = NO;
				CLANG_ANALYZER_NONNULL = YES;
				CLANG_ANALYZER_NUMBER_OBJECT_CONVERSION = YES_AGGRESSIVE;
				CLANG_CXX_LANGUAGE_STANDARD = "gnu++14";
				CLANG_CXX_LIBRARY = "libc++";
				CLANG_ENABLE_MODULES = YES;
				CLANG_ENABLE_OBJC_ARC = YES;
				CLANG_ENABLE_OBJC_WEAK = YES;
				CLANG_WARN_BLOCK_CAPTURE_AUTORELEASING = YES;
				CLANG_WARN_BOOL_CONVERSION = YES;
				CLANG_WARN_COMMA = YES;
				CLANG_WARN_CONSTANT_CONVERSION = YES;
				CLANG_WARN_DEPRECATED_OBJC_IMPLEMENTATIONS = YES;
				CLANG_WARN_DIRECT_OBJC_ISA_USAGE = YES_ERROR;
				CLANG_WARN_DOCUMENTATION_COMMENTS = YES;
				CLANG_WARN_EMPTY_BODY = YES;
				CLANG_WARN_ENUM_CONVERSION = YES;
				CLANG_WARN_INFINITE_RECURSION = YES;
				CLANG_WARN_INT_CONVERSION = YES;
				CLANG_WARN_NON_LITERAL_NULL_CONVERSION = YES;
				CLANG_WARN_OBJC_IMPLICIT_RETAIN_SELF = YES;
				CLANG_WARN_OBJC_LITERAL_CONVERSION = YES;
				CLANG_WARN_OBJC_ROOT_CLASS = YES_ERROR;
				CLANG_WARN_QUOTED_INCLUDE_IN_FRAMEWORK_HEADER = YES;
				CLANG_WARN_RANGE_LOOP_ANALYSIS = YES;
				CLANG_WARN_STRICT_PROTOTYPES = YES;
				CLANG_WARN_SUSPICIOUS_MOVE = YES;
				CLANG_WARN_UNGUARDED_AVAILABILITY = YES_AGGRESSIVE;
				CLANG_WARN_UNREACHABLE_CODE = YES;
				CLANG_WARN__DUPLICATE_METHOD_MATCH = YES;
				COPY_PHASE_STRIP = NO;
				DEBUG_INFORMATION_FORMAT = "dwarf-with-dsym";
				ENABLE_NS_ASSERTIONS = NO;
				ENABLE_STRICT_OBJC_MSGSEND = YES;
				GCC_C_LANGUAGE_STANDARD = gnu11;
				GCC_NO_COMMON_BLOCKS = YES;
				GCC_WARN_64_TO_32_BIT_CONVERSION = YES;
				GCC_WARN_ABOUT_RETURN_TYPE = YES_ERROR;
				GCC_WARN_UNDECLARED_SELECTOR = YES;
				GCC_WARN_UNINITIALIZED_AUTOS = YES_AGGRESSIVE;
				GCC_WARN_UNUSED_FUNCTION = YES;
				GCC_WARN_UNUSED_VARIABLE = YES;
				MACOSX_DEPLOYMENT_TARGET = 10.15;
				MTL_ENABLE_DEBUG_INFO = NO;
				MTL_FAST_MATH = YES;
				SDKROOT = macosx;
			};
			name = Release;
		};
		090BEE8D261C211B009D59C8 /* Debug */ = {
			isa = XCBuildConfiguration;
			buildSettings = {
				ASSETCATALOG_COMPILER_APPICON_NAME = AppIcon;
				ASSETCATALOG_COMPILER_GLOBAL_ACCENT_COLOR_NAME = AccentColor;
				CODE_SIGN_ENTITLEMENTS = "03-RecordAudio/_3_RecordAudio.entitlements";
				CODE_SIGN_IDENTITY = "Apple Development: 1204473090@qq.com (KGD7TUGTWB)";
				CODE_SIGN_STYLE = Manual;
				COMBINE_HIDPI_IMAGES = YES;
				DEVELOPMENT_TEAM = T6FCKHRT95;
				ENABLE_HARDENED_RUNTIME = YES;
				HEADER_SEARCH_PATHS = (
					"/usr/local/Cellar/ffmpeg/4.3.2_4/include/**",
					"/usr/local/Cellar/sdl2/2.0.14_1/include/**",
				);
				INFOPLIST_FILE = "03-RecordAudio/Info.plist";
				LD_RUNPATH_SEARCH_PATHS = (
					"$(inherited)",
					"@executable_path/../Frameworks",
				);
				LIBRARY_SEARCH_PATHS = (
					"$(inherited)",
					/usr/local/Cellar/sdl2/2.0.14_1/lib,
					/usr/local/Cellar/ffmpeg/4.3.2_4/lib,
					"$(PROJECT_DIR)/03-RecordAudio/lib",
				);
				OTHER_LDFLAGS = "";
				PRODUCT_BUNDLE_IDENTIFIER = "xxxx.-3-RecordAudio";
				PRODUCT_NAME = "$(TARGET_NAME)";
				PROVISIONING_PROFILE_SPECIFIER = "";
			};
			name = Debug;
		};
		090BEE8E261C211B009D59C8 /* Release */ = {
			isa = XCBuildConfiguration;
			buildSettings = {
				ASSETCATALOG_COMPILER_APPICON_NAME = AppIcon;
				ASSETCATALOG_COMPILER_GLOBAL_ACCENT_COLOR_NAME = AccentColor;
				CODE_SIGN_ENTITLEMENTS = "03-RecordAudio/_3_RecordAudio.entitlements";
				CODE_SIGN_IDENTITY = "Apple Development: 1204473090@qq.com (KGD7TUGTWB)";
				CODE_SIGN_STYLE = Manual;
				COMBINE_HIDPI_IMAGES = YES;
				DEVELOPMENT_TEAM = T6FCKHRT95;
				ENABLE_HARDENED_RUNTIME = YES;
				HEADER_SEARCH_PATHS = (
					"/usr/local/Cellar/ffmpeg/4.3.2_4/include/**",
					"/usr/local/Cellar/sdl2/2.0.14_1/include/**",
				);
				INFOPLIST_FILE = "03-RecordAudio/Info.plist";
				LD_RUNPATH_SEARCH_PATHS = (
					"$(inherited)",
					"@executable_path/../Frameworks",
				);
				LIBRARY_SEARCH_PATHS = (
					"$(inherited)",
					/usr/local/Cellar/ffmpeg/4.3.2_4/lib,
					"$(PROJECT_DIR)/03-RecordAudio/lib",
					/usr/local/Cellar/sdl2/2.0.14_1/lib,
				);
				OTHER_LDFLAGS = "";
				PRODUCT_BUNDLE_IDENTIFIER = "xxxx.-3-RecordAudio";
				PRODUCT_NAME = "$(TARGET_NAME)";
				PROVISIONING_PROFILE_SPECIFIER = "";
			};
			name = Release;
		};
		090BEE90261C211B009D59C8 /* Debug */ = {
			isa = XCBuildConfiguration;
			buildSettings = {
				BUNDLE_LOADER = "$(TEST_HOST)";
				CODE_SIGN_STYLE = Automatic;
				COMBINE_HIDPI_IMAGES = YES;
				DEVELOPMENT_TEAM = T6FCKHRT95;
				INFOPLIST_FILE = "03-RecordAudioTests/Info.plist";
				LD_RUNPATH_SEARCH_PATHS = (
					"$(inherited)",
					"@executable_path/../Frameworks",
					"@loader_path/../Frameworks",
				);
				MACOSX_DEPLOYMENT_TARGET = 10.15;
				PRODUCT_BUNDLE_IDENTIFIER = "xxxx.-3-RecordAudioTests";
				PRODUCT_NAME = "$(TARGET_NAME)";
				TEST_HOST = "$(BUILT_PRODUCTS_DIR)/03-RecordAudio.app/Contents/MacOS/03-RecordAudio";
			};
			name = Debug;
		};
		090BEE91261C211B009D59C8 /* Release */ = {
			isa = XCBuildConfiguration;
			buildSettings = {
				BUNDLE_LOADER = "$(TEST_HOST)";
				CODE_SIGN_STYLE = Automatic;
				COMBINE_HIDPI_IMAGES = YES;
				DEVELOPMENT_TEAM = T6FCKHRT95;
				INFOPLIST_FILE = "03-RecordAudioTests/Info.plist";
				LD_RUNPATH_SEARCH_PATHS = (
					"$(inherited)",
					"@executable_path/../Frameworks",
					"@loader_path/../Frameworks",
				);
				MACOSX_DEPLOYMENT_TARGET = 10.15;
				PRODUCT_BUNDLE_IDENTIFIER = "xxxx.-3-RecordAudioTests";
				PRODUCT_NAME = "$(TARGET_NAME)";
				TEST_HOST = "$(BUILT_PRODUCTS_DIR)/03-RecordAudio.app/Contents/MacOS/03-RecordAudio";
			};
			name = Release;
		};
		090BEE93261C211B009D59C8 /* Debug */ = {
			isa = XCBuildConfiguration;
			buildSettings = {
				CODE_SIGN_STYLE = Automatic;
				COMBINE_HIDPI_IMAGES = YES;
				DEVELOPMENT_TEAM = T6FCKHRT95;
				INFOPLIST_FILE = "03-RecordAudioUITests/Info.plist";
				LD_RUNPATH_SEARCH_PATHS = (
					"$(inherited)",
					"@executable_path/../Frameworks",
					"@loader_path/../Frameworks",
				);
				PRODUCT_BUNDLE_IDENTIFIER = "xxxx.-3-RecordAudioUITests";
				PRODUCT_NAME = "$(TARGET_NAME)";
				TEST_TARGET_NAME = "03-RecordAudio";
			};
			name = Debug;
		};
		090BEE94261C211B009D59C8 /* Release */ = {
			isa = XCBuildConfiguration;
			buildSettings = {
				CODE_SIGN_STYLE = Automatic;
				COMBINE_HIDPI_IMAGES = YES;
				DEVELOPMENT_TEAM = T6FCKHRT95;
				INFOPLIST_FILE = "03-RecordAudioUITests/Info.plist";
				LD_RUNPATH_SEARCH_PATHS = (
					"$(inherited)",
					"@executable_path/../Frameworks",
					"@loader_path/../Frameworks",
				);
				PRODUCT_BUNDLE_IDENTIFIER = "xxxx.-3-RecordAudioUITests";
				PRODUCT_NAME = "$(TARGET_NAME)";
				TEST_TARGET_NAME = "03-RecordAudio";
			};
			name = Release;
		};
/* End XCBuildConfiguration section */

/* Begin XCConfigurationList section */
		090BEE5D261C2119009D59C8 /* Build configuration list for PBXProject "03-RecordAudio" */ = {
			isa = XCConfigurationList;
			buildConfigurations = (
				090BEE8A261C211B009D59C8 /* Debug */,
				090BEE8B261C211B009D59C8 /* Release */,
			);
			defaultConfigurationIsVisible = 0;
			defaultConfigurationName = Release;
		};
		090BEE8C261C211B009D59C8 /* Build configuration list for PBXNativeTarget "03-RecordAudio" */ = {
			isa = XCConfigurationList;
			buildConfigurations = (
				090BEE8D261C211B009D59C8 /* Debug */,
				090BEE8E261C211B009D59C8 /* Release */,
			);
			defaultConfigurationIsVisible = 0;
			defaultConfigurationName = Release;
		};
		090BEE8F261C211B009D59C8 /* Build configuration list for PBXNativeTarget "03-RecordAudioTests" */ = {
			isa = XCConfigurationList;
			buildConfigurations = (
				090BEE90261C211B009D59C8 /* Debug */,
				090BEE91261C211B009D59C8 /* Release */,
			);
			defaultConfigurationIsVisible = 0;
			defaultConfigurationName = Release;
		};
		090BEE92261C211B009D59C8 /* Build configuration list for PBXNativeTarget "03-RecordAudioUITests" */ = {
			isa = XCConfigurationList;
			buildConfigurations = (
				090BEE93261C211B009D59C8 /* Debug */,
				090BEE94261C211B009D59C8 /* Release */,
			);
			defaultConfigurationIsVisible = 0;
			defaultConfigurationName = Release;
		};
/* End XCConfigurationList section */
	};
	rootObject = 090BEE5A261C2119009D59C8 /* Project object */;
}
